// !$*UTF8*$!
{
	archiveVersion = 1;
	classes = {
	};
	objectVersion = 46;
	objects = {

/* Begin PBXBuildFile section */
		000000000000000000000015 /* Foundation.framework in Frameworks */ = {isa = PBXBuildFile; fileRef = 000000000000000000000014 /* Foundation.framework */; };
		00000000000000000000001E /* Foundation.framework in Frameworks */ = {isa = PBXBuildFile; fileRef = 000000000000000000000014 /* Foundation.framework */; };
		000000000000000000000027 /* Foundation.framework in Frameworks */ = {isa = PBXBuildFile; fileRef = 000000000000000000000014 /* Foundation.framework */; };
		00000000000000000000002E /* AppModel.swift in Sources */ = {isa = PBXBuildFile; fileRef = 00000000000000000000002D /* AppModel.swift */; };
		000000000000000000000030 /* ElRoysManagerApp.swift in Sources */ = {isa = PBXBuildFile; fileRef = 00000000000000000000002F /* ElRoysManagerApp.swift */; };
		000000000000000000000032 /* Assets.xcassets in Resources */ = {isa = PBXBuildFile; fileRef = 000000000000000000000031 /* Assets.xcassets */; };
		000000000000000000000035 /* BackendClients.swift in Sources */ = {isa = PBXBuildFile; fileRef = 000000000000000000000034 /* BackendClients.swift */; };
		000000000000000000000038 /* Glass.swift in Sources */ = {isa = PBXBuildFile; fileRef = 000000000000000000000037 /* Glass.swift */; };
		00000000000000000000003C /* AuthViews.swift in Sources */ = {isa = PBXBuildFile; fileRef = 00000000000000000000003B /* AuthViews.swift */; };
		00000000000000000000003F /* HomeViews.swift in Sources */ = {isa = PBXBuildFile; fileRef = 00000000000000000000003E /* HomeViews.swift */; };
		000000000000000000000042 /* MenuEditorSession.swift in Sources */ = {isa = PBXBuildFile; fileRef = 000000000000000000000041 /* MenuEditorSession.swift */; };
		000000000000000000000044 /* MenuViews.swift in Sources */ = {isa = PBXBuildFile; fileRef = 000000000000000000000043 /* MenuViews.swift */; };
		000000000000000000000046 /* RestaurantCategoryManagementView.swift in Sources */ = {isa = PBXBuildFile; fileRef = 000000000000000000000045 /* RestaurantCategoryManagementView.swift */; };
		000000000000000000000049 /* RoutePreviewView.swift in Sources */ = {isa = PBXBuildFile; fileRef = 000000000000000000000048 /* RoutePreviewView.swift */; };
		00000000000000000000004C /* PublicMenuSession.swift in Sources */ = {isa = PBXBuildFile; fileRef = 00000000000000000000004B /* PublicMenuSession.swift */; };
		00000000000000000000004E /* PublicMenuViews.swift in Sources */ = {isa = PBXBuildFile; fileRef = 00000000000000000000004D /* PublicMenuViews.swift */; };
		000000000000000000000051 /* RestaurantToolsSession.swift in Sources */ = {isa = PBXBuildFile; fileRef = 000000000000000000000050 /* RestaurantToolsSession.swift */; };
		000000000000000000000053 /* RestaurantToolsView.swift in Sources */ = {isa = PBXBuildFile; fileRef = 000000000000000000000052 /* RestaurantToolsView.swift */; };
		000000000000000000000056 /* BarcodeScannerView.swift in Sources */ = {isa = PBXBuildFile; fileRef = 000000000000000000000055 /* BarcodeScannerView.swift */; };
		00000000000000000000005A /* AppModels.swift in Sources */ = {isa = PBXBuildFile; fileRef = 000000000000000000000059 /* AppModels.swift */; };
		00000000000000000000005D /* OfflineDraftStore.swift in Sources */ = {isa = PBXBuildFile; fileRef = 00000000000000000000005C /* OfflineDraftStore.swift */; };
		00000000000000000000005F /* SessionStore.swift in Sources */ = {isa = PBXBuildFile; fileRef = 00000000000000000000005E /* SessionStore.swift */; };
		000000000000000000000061 /* MenuDocumentTests.swift in Sources */ = {isa = PBXBuildFile; fileRef = 000000000000000000000060 /* MenuDocumentTests.swift */; };
		000000000000000000000063 /* RouteStateIsolationTests.swift in Sources */ = {isa = PBXBuildFile; fileRef = 000000000000000000000062 /* RouteStateIsolationTests.swift */; };
		000000000000000000000065 /* TestSupport.swift in Sources */ = {isa = PBXBuildFile; fileRef = 000000000000000000000064 /* TestSupport.swift */; };
		000000000000000000000067 /* ElRoysManagerAppUITests.swift in Sources */ = {isa = PBXBuildFile; fileRef = 000000000000000000000066 /* ElRoysManagerAppUITests.swift */; };
/* End PBXBuildFile section */

/* Begin PBXContainerItemProxy section */
		000000000000000000000028 /* PBXContainerItemProxy */ = {
			isa = PBXContainerItemProxy;
			containerPortal = 000000000000000000000001 /* Project object */;
			proxyType = 1;
			remoteGlobalIDString = 00000000000000000000000B;
			remoteInfo = ElRoysManagerApp;
		};
		00000000000000000000002A /* PBXContainerItemProxy */ = {
			isa = PBXContainerItemProxy;
			containerPortal = 000000000000000000000001 /* Project object */;
			proxyType = 1;
			remoteGlobalIDString = 00000000000000000000000B;
			remoteInfo = ElRoysManagerApp;
		};
/* End PBXContainerItemProxy section */

/* Begin PBXFileReference section */
		00000000000000000000000F /* ElRoysManagerApp.app */ = {isa = PBXFileReference; explicitFileType = wrapper.application; includeInIndex = 0; path = ElRoysManagerApp.app; sourceTree = BUILT_PRODUCTS_DIR; };
		000000000000000000000014 /* Foundation.framework */ = {isa = PBXFileReference; lastKnownFileType = wrapper.framework; name = Foundation.framework; path = Platforms/iPhoneOS.platform/Developer/SDKs/iPhoneOS18.0.sdk/System/Library/Frameworks/Foundation.framework; sourceTree = DEVELOPER_DIR; };
		00000000000000000000001A /* ElRoysManagerAppTests.xctest */ = {isa = PBXFileReference; explicitFileType = wrapper.cfbundle; includeInIndex = 0; path = ElRoysManagerAppTests.xctest; sourceTree = BUILT_PRODUCTS_DIR; };
		000000000000000000000023 /* ElRoysManagerAppUITests.xctest */ = {isa = PBXFileReference; explicitFileType = wrapper.cfbundle; includeInIndex = 0; path = ElRoysManagerAppUITests.xctest; sourceTree = BUILT_PRODUCTS_DIR; };
		00000000000000000000002D /* AppModel.swift */ = {isa = PBXFileReference; includeInIndex = 1; lastKnownFileType = sourcecode.swift; path = AppModel.swift; sourceTree = "<group>"; };
		00000000000000000000002F /* ElRoysManagerApp.swift */ = {isa = PBXFileReference; includeInIndex = 1; lastKnownFileType = sourcecode.swift; path = ElRoysManagerApp.swift; sourceTree = "<group>"; };
		000000000000000000000031 /* Assets.xcassets */ = {isa = PBXFileReference; includeInIndex = 1; lastKnownFileType = folder.assetcatalog; path = Assets.xcassets; sourceTree = "<group>"; };
		000000000000000000000034 /* BackendClients.swift */ = {isa = PBXFileReference; includeInIndex = 1; lastKnownFileType = sourcecode.swift; path = BackendClients.swift; sourceTree = "<group>"; };
		000000000000000000000037 /* Glass.swift */ = {isa = PBXFileReference; includeInIndex = 1; lastKnownFileType = sourcecode.swift; path = Glass.swift; sourceTree = "<group>"; };
		00000000000000000000003B /* AuthViews.swift */ = {isa = PBXFileReference; includeInIndex = 1; lastKnownFileType = sourcecode.swift; path = AuthViews.swift; sourceTree = "<group>"; };
		00000000000000000000003E /* HomeViews.swift */ = {isa = PBXFileReference; includeInIndex = 1; lastKnownFileType = sourcecode.swift; path = HomeViews.swift; sourceTree = "<group>"; };
		000000000000000000000041 /* MenuEditorSession.swift */ = {isa = PBXFileReference; includeInIndex = 1; lastKnownFileType = sourcecode.swift; path = MenuEditorSession.swift; sourceTree = "<group>"; };
		000000000000000000000043 /* MenuViews.swift */ = {isa = PBXFileReference; includeInIndex = 1; lastKnownFileType = sourcecode.swift; path = MenuViews.swift; sourceTree = "<group>"; };
		000000000000000000000045 /* RestaurantCategoryManagementView.swift */ = {isa = PBXFileReference; includeInIndex = 1; lastKnownFileType = sourcecode.swift; path = RestaurantCategoryManagementView.swift; sourceTree = "<group>"; };
		000000000000000000000048 /* RoutePreviewView.swift */ = {isa = PBXFileReference; includeInIndex = 1; lastKnownFileType = sourcecode.swift; path = RoutePreviewView.swift; sourceTree = "<group>"; };
		00000000000000000000004B /* PublicMenuSession.swift */ = {isa = PBXFileReference; includeInIndex = 1; lastKnownFileType = sourcecode.swift; path = PublicMenuSession.swift; sourceTree = "<group>"; };
		00000000000000000000004D /* PublicMenuViews.swift */ = {isa = PBXFileReference; includeInIndex = 1; lastKnownFileType = sourcecode.swift; path = PublicMenuViews.swift; sourceTree = "<group>"; };
		000000000000000000000050 /* RestaurantToolsSession.swift */ = {isa = PBXFileReference; includeInIndex = 1; lastKnownFileType = sourcecode.swift; path = RestaurantToolsSession.swift; sourceTree = "<group>"; };
		000000000000000000000052 /* RestaurantToolsView.swift */ = {isa = PBXFileReference; includeInIndex = 1; lastKnownFileType = sourcecode.swift; path = RestaurantToolsView.swift; sourceTree = "<group>"; };
		000000000000000000000055 /* BarcodeScannerView.swift */ = {isa = PBXFileReference; includeInIndex = 1; lastKnownFileType = sourcecode.swift; path = BarcodeScannerView.swift; sourceTree = "<group>"; };
		000000000000000000000057 /* Info.plist */ = {isa = PBXFileReference; includeInIndex = 1; lastKnownFileType = text.plist.xml; path = Info.plist; sourceTree = "<group>"; };
		000000000000000000000059 /* AppModels.swift */ = {isa = PBXFileReference; includeInIndex = 1; lastKnownFileType = sourcecode.swift; path = AppModels.swift; sourceTree = "<group>"; };
		00000000000000000000005C /* OfflineDraftStore.swift */ = {isa = PBXFileReference; includeInIndex = 1; lastKnownFileType = sourcecode.swift; path = OfflineDraftStore.swift; sourceTree = "<group>"; };
		00000000000000000000005E /* SessionStore.swift */ = {isa = PBXFileReference; includeInIndex = 1; lastKnownFileType = sourcecode.swift; path = SessionStore.swift; sourceTree = "<group>"; };
		000000000000000000000060 /* MenuDocumentTests.swift */ = {isa = PBXFileReference; includeInIndex = 1; lastKnownFileType = sourcecode.swift; path = MenuDocumentTests.swift; sourceTree = "<group>"; };
		000000000000000000000062 /* RouteStateIsolationTests.swift */ = {isa = PBXFileReference; includeInIndex = 1; lastKnownFileType = sourcecode.swift; path = RouteStateIsolationTests.swift; sourceTree = "<group>"; };
		000000000000000000000064 /* TestSupport.swift */ = {isa = PBXFileReference; includeInIndex = 1; lastKnownFileType = sourcecode.swift; path = TestSupport.swift; sourceTree = "<group>"; };
		000000000000000000000066 /* ElRoysManagerAppUITests.swift */ = {isa = PBXFileReference; includeInIndex = 1; lastKnownFileType = sourcecode.swift; path = ElRoysManagerAppUITests.swift; sourceTree = "<group>"; };
/* End PBXFileReference section */

/* Begin PBXFrameworksBuildPhase section */
		000000000000000000000011 /* Frameworks */ = {
			isa = PBXFrameworksBuildPhase;
			buildActionMask = 2147483647;
			files = (
				000000000000000000000015 /* Foundation.framework in Frameworks */,
			);
			runOnlyForDeploymentPostprocessing = 0;
		};
		00000000000000000000001C /* Frameworks */ = {
			isa = PBXFrameworksBuildPhase;
			buildActionMask = 2147483647;
			files = (
				00000000000000000000001E /* Foundation.framework in Frameworks */,
			);
			runOnlyForDeploymentPostprocessing = 0;
		};
		000000000000000000000025 /* Frameworks */ = {
			isa = PBXFrameworksBuildPhase;
			buildActionMask = 2147483647;
			files = (
				000000000000000000000027 /* Foundation.framework in Frameworks */,
			);
			runOnlyForDeploymentPostprocessing = 0;
		};
/* End PBXFrameworksBuildPhase section */

/* Begin PBXGroup section */
		000000000000000000000002 = {
			isa = PBXGroup;
			children = (
				000000000000000000000003 /* Products */,
				000000000000000000000007 /* Frameworks */,
				000000000000000000000008 /* ElRoysManagerApp */,
				000000000000000000000009 /* ElRoysManagerAppTests */,
				00000000000000000000000A /* ElRoysManagerAppUITests */,
			);
			sourceTree = "<group>";
		};
		000000000000000000000003 /* Products */ = {
			isa = PBXGroup;
			children = (
				00000000000000000000000F /* ElRoysManagerApp.app */,
				00000000000000000000001A /* ElRoysManagerAppTests.xctest */,
				000000000000000000000023 /* ElRoysManagerAppUITests.xctest */,
			);
			name = Products;
			sourceTree = "<group>";
		};
		000000000000000000000007 /* Frameworks */ = {
			isa = PBXGroup;
			children = (
				000000000000000000000013 /* iOS */,
			);
			name = Frameworks;
			sourceTree = "<group>";
		};
		000000000000000000000008 /* ElRoysManagerApp */ = {
			isa = PBXGroup;
			children = (
				00000000000000000000002C /* App */,
				000000000000000000000031 /* Assets.xcassets */,
				000000000000000000000033 /* Clients */,
				000000000000000000000036 /* Design */,
				000000000000000000000039 /* Features */,
				000000000000000000000057 /* Info.plist */,
				000000000000000000000058 /* Models */,
				00000000000000000000005B /* Storage */,
			);
			name = ElRoysManagerApp;
			path = ElRoysManagerApp;
			sourceTree = "<group>";
		};
		000000000000000000000009 /* ElRoysManagerAppTests */ = {
			isa = PBXGroup;
			children = (
				000000000000000000000060 /* MenuDocumentTests.swift */,
				000000000000000000000062 /* RouteStateIsolationTests.swift */,
				000000000000000000000064 /* TestSupport.swift */,
			);
			name = ElRoysManagerAppTests;
			path = ElRoysManagerAppTests;
			sourceTree = "<group>";
		};
		00000000000000000000000A /* ElRoysManagerAppUITests */ = {
			isa = PBXGroup;
			children = (
				000000000000000000000066 /* ElRoysManagerAppUITests.swift */,
			);
			name = ElRoysManagerAppUITests;
			path = ElRoysManagerAppUITests;
			sourceTree = "<group>";
		};
		000000000000000000000013 /* iOS */ = {
			isa = PBXGroup;
			children = (
				000000000000000000000014 /* Foundation.framework */,
			);
			name = iOS;
			sourceTree = "<group>";
		};
		00000000000000000000002C /* App */ = {
			isa = PBXGroup;
			children = (
				00000000000000000000002D /* AppModel.swift */,
				00000000000000000000002F /* ElRoysManagerApp.swift */,
			);
			name = App;
			path = App;
			sourceTree = "<group>";
		};
		000000000000000000000033 /* Clients */ = {
			isa = PBXGroup;
			children = (
				000000000000000000000034 /* BackendClients.swift */,
			);
			name = Clients;
			path = Clients;
			sourceTree = "<group>";
		};
		000000000000000000000036 /* Design */ = {
			isa = PBXGroup;
			children = (
				000000000000000000000037 /* Glass.swift */,
			);
			name = Design;
			path = Design;
			sourceTree = "<group>";
		};
		000000000000000000000039 /* Features */ = {
			isa = PBXGroup;
			children = (
				00000000000000000000003A /* Auth */,
				00000000000000000000003D /* Home */,
				000000000000000000000040 /* Menu */,
				000000000000000000000047 /* Preview */,
				00000000000000000000004A /* Public */,
				00000000000000000000004F /* RestaurantTools */,
				000000000000000000000054 /* Scanner */,
			);
			name = Features;
			path = Features;
			sourceTree = "<group>";
		};
		00000000000000000000003A /* Auth */ = {
			isa = PBXGroup;
			children = (
				00000000000000000000003B /* AuthViews.swift */,
			);
			name = Auth;
			path = Auth;
			sourceTree = "<group>";
		};
		00000000000000000000003D /* Home */ = {
			isa = PBXGroup;
			children = (
				00000000000000000000003E /* HomeViews.swift */,
			);
			name = Home;
			path = Home;
			sourceTree = "<group>";
		};
		000000000000000000000040 /* Menu */ = {
			isa = PBXGroup;
			children = (
				000000000000000000000041 /* MenuEditorSession.swift */,
				000000000000000000000043 /* MenuViews.swift */,
				000000000000000000000045 /* RestaurantCategoryManagementView.swift */,
			);
			name = Menu;
			path = Menu;
			sourceTree = "<group>";
		};
		000000000000000000000047 /* Preview */ = {
			isa = PBXGroup;
			children = (
				000000000000000000000048 /* RoutePreviewView.swift */,
			);
			name = Preview;
			path = Preview;
			sourceTree = "<group>";
		};
		00000000000000000000004A /* Public */ = {
			isa = PBXGroup;
			children = (
				00000000000000000000004B /* PublicMenuSession.swift */,
				00000000000000000000004D /* PublicMenuViews.swift */,
			);
			name = Public;
			path = Public;
			sourceTree = "<group>";
		};
		00000000000000000000004F /* RestaurantTools */ = {
			isa = PBXGroup;
			children = (
				000000000000000000000050 /* RestaurantToolsSession.swift */,
				000000000000000000000052 /* RestaurantToolsView.swift */,
			);
			name = RestaurantTools;
			path = RestaurantTools;
			sourceTree = "<group>";
		};
		000000000000000000000054 /* Scanner */ = {
			isa = PBXGroup;
			children = (
				000000000000000000000055 /* BarcodeScannerView.swift */,
			);
			name = Scanner;
			path = Scanner;
			sourceTree = "<group>";
		};
		000000000000000000000058 /* Models */ = {
			isa = PBXGroup;
			children = (
				000000000000000000000059 /* AppModels.swift */,
			);
			name = Models;
			path = Models;
			sourceTree = "<group>";
		};
		00000000000000000000005B /* Storage */ = {
			isa = PBXGroup;
			children = (
				00000000000000000000005C /* OfflineDraftStore.swift */,
				00000000000000000000005E /* SessionStore.swift */,
			);
			name = Storage;
			path = Storage;
			sourceTree = "<group>";
		};
/* End PBXGroup section */

/* Begin PBXNativeTarget section */
		00000000000000000000000B /* ElRoysManagerApp */ = {
			isa = PBXNativeTarget;
			buildConfigurationList = 00000000000000000000000C /* Build configuration list for PBXNativeTarget "ElRoysManagerApp" */;
			buildPhases = (
				000000000000000000000010 /* Sources */,
				000000000000000000000011 /* Frameworks */,
				000000000000000000000012 /* Resources */,
			);
			buildRules = (
			);
			dependencies = (
			);
			name = ElRoysManagerApp;
			productName = ElRoysManagerApp;
			productReference = 00000000000000000000000F /* ElRoysManagerApp.app */;
			productType = "com.apple.product-type.application";
		};
		000000000000000000000016 /* ElRoysManagerAppTests */ = {
			isa = PBXNativeTarget;
			buildConfigurationList = 000000000000000000000017 /* Build configuration list for PBXNativeTarget "ElRoysManagerAppTests" */;
			buildPhases = (
				00000000000000000000001B /* Sources */,
				00000000000000000000001C /* Frameworks */,
				00000000000000000000001D /* Resources */,
			);
			buildRules = (
			);
			dependencies = (
				000000000000000000000029 /* PBXTargetDependency */,
			);
			name = ElRoysManagerAppTests;
			productName = ElRoysManagerAppTests;
			productReference = 00000000000000000000001A /* ElRoysManagerAppTests.xctest */;
			productType = "com.apple.product-type.bundle.unit-test";
		};
		00000000000000000000001F /* ElRoysManagerAppUITests */ = {
			isa = PBXNativeTarget;
			buildConfigurationList = 000000000000000000000020 /* Build configuration list for PBXNativeTarget "ElRoysManagerAppUITests" */;
			buildPhases = (
				000000000000000000000024 /* Sources */,
				000000000000000000000025 /* Frameworks */,
				000000000000000000000026 /* Resources */,
			);
			buildRules = (
			);
			dependencies = (
				00000000000000000000002B /* PBXTargetDependency */,
			);
			name = ElRoysManagerAppUITests;
			productName = ElRoysManagerAppUITests;
			productReference = 000000000000000000000023 /* ElRoysManagerAppUITests.xctest */;
			productType = "com.apple.product-type.bundle.ui-testing";
		};
/* End PBXNativeTarget section */

/* Begin PBXProject section */
		000000000000000000000001 /* Project object */ = {
			isa = PBXProject;
			attributes = {
				LastSwiftUpdateCheck = 1600;
				LastUpgradeCheck = 2630;
				TargetAttributes = {
					00000000000000000000000B = {
						CreatedOnToolsVersion = 26.3;
					};
					000000000000000000000016 = {
						CreatedOnToolsVersion = 26.3;
						TestTargetID = 00000000000000000000000B;
					};
					00000000000000000000001F = {
						CreatedOnToolsVersion = 26.3;
						TestTargetID = 00000000000000000000000B;
					};
				};
			};
			buildConfigurationList = 000000000000000000000004 /* Build configuration list for PBXProject "ElRoysManagerApp" */;
			compatibilityVersion = "Xcode 3.2";
			developmentRegion = en;
			hasScannedForEncodings = 0;
			knownRegions = (
				en,
				Base,
			);
			mainGroup = 000000000000000000000002;
			minimizedProjectReferenceProxies = 0;
			preferredProjectObjectVersion = 77;
			productRefGroup = 000000000000000000000003 /* Products */;
			projectDirPath = "";
			projectRoot = "";
			targets = (
				00000000000000000000000B /* ElRoysManagerApp */,
				000000000000000000000016 /* ElRoysManagerAppTests */,
				00000000000000000000001F /* ElRoysManagerAppUITests */,
			);
		};
/* End PBXProject section */

/* Begin PBXResourcesBuildPhase section */
		000000000000000000000012 /* Resources */ = {
			isa = PBXResourcesBuildPhase;
			buildActionMask = 2147483647;
			files = (
				000000000000000000000032 /* Assets.xcassets in Resources */,
			);
			runOnlyForDeploymentPostprocessing = 0;
		};
		00000000000000000000001D /* Resources */ = {
			isa = PBXResourcesBuildPhase;
			buildActionMask = 2147483647;
			files = (
			);
			runOnlyForDeploymentPostprocessing = 0;
		};
		000000000000000000000026 /* Resources */ = {
			isa = PBXResourcesBuildPhase;
			buildActionMask = 2147483647;
			files = (
			);
			runOnlyForDeploymentPostprocessing = 0;
		};
/* End PBXResourcesBuildPhase section */

/* Begin PBXSourcesBuildPhase section */
		000000000000000000000010 /* Sources */ = {
			isa = PBXSourcesBuildPhase;
			buildActionMask = 2147483647;
			files = (
				00000000000000000000002E /* AppModel.swift in Sources */,
				000000000000000000000030 /* ElRoysManagerApp.swift in Sources */,
				000000000000000000000035 /* BackendClients.swift in Sources */,
				000000000000000000000038 /* Glass.swift in Sources */,
				00000000000000000000003C /* AuthViews.swift in Sources */,
				00000000000000000000003F /* HomeViews.swift in Sources */,
				000000000000000000000042 /* MenuEditorSession.swift in Sources */,
				000000000000000000000044 /* MenuViews.swift in Sources */,
				000000000000000000000046 /* RestaurantCategoryManagementView.swift in Sources */,
				000000000000000000000049 /* RoutePreviewView.swift in Sources */,
				00000000000000000000004C /* PublicMenuSession.swift in Sources */,
				00000000000000000000004E /* PublicMenuViews.swift in Sources */,
				000000000000000000000051 /* RestaurantToolsSession.swift in Sources */,
				000000000000000000000053 /* RestaurantToolsView.swift in Sources */,
				000000000000000000000056 /* BarcodeScannerView.swift in Sources */,
				00000000000000000000005A /* AppModels.swift in Sources */,
				00000000000000000000005D /* OfflineDraftStore.swift in Sources */,
				00000000000000000000005F /* SessionStore.swift in Sources */,
			);
			runOnlyForDeploymentPostprocessing = 0;
		};
		00000000000000000000001B /* Sources */ = {
			isa = PBXSourcesBuildPhase;
			buildActionMask = 2147483647;
			files = (
				000000000000000000000061 /* MenuDocumentTests.swift in Sources */,
				000000000000000000000063 /* RouteStateIsolationTests.swift in Sources */,
				000000000000000000000065 /* TestSupport.swift in Sources */,
			);
			runOnlyForDeploymentPostprocessing = 0;
		};
		000000000000000000000024 /* Sources */ = {
			isa = PBXSourcesBuildPhase;
			buildActionMask = 2147483647;
			files = (
				000000000000000000000067 /* ElRoysManagerAppUITests.swift in Sources */,
			);
			runOnlyForDeploymentPostprocessing = 0;
		};
/* End PBXSourcesBuildPhase section */

/* Begin PBXTargetDependency section */
		000000000000000000000029 /* PBXTargetDependency */ = {
			isa = PBXTargetDependency;
			name = ElRoysManagerApp;
			target = 00000000000000000000000B /* ElRoysManagerApp */;
			targetProxy = 000000000000000000000028 /* PBXContainerItemProxy */;
		};
		00000000000000000000002B /* PBXTargetDependency */ = {
			isa = PBXTargetDependency;
			name = ElRoysManagerApp;
			target = 00000000000000000000000B /* ElRoysManagerApp */;
			targetProxy = 00000000000000000000002A /* PBXContainerItemProxy */;
		};
/* End PBXTargetDependency section */

/* Begin XCBuildConfiguration section */
		000000000000000000000005 /* Debug */ = {
			isa = XCBuildConfiguration;
			buildSettings = {
				ALWAYS_SEARCH_USER_PATHS = NO;
				CLANG_ANALYZER_NONNULL = YES;
				CLANG_ANALYZER_NUMBER_OBJECT_CONVERSION = YES_AGGRESSIVE;
				CLANG_CXX_LANGUAGE_STANDARD = "gnu++14";
				CLANG_CXX_LIBRARY = "libc++";
				CLANG_ENABLE_MODULES = YES;
				CLANG_ENABLE_OBJC_ARC = YES;
				CLANG_ENABLE_OBJC_WEAK = YES;
				CLANG_WARN_BLOCK_CAPTURE_AUTORELEASING = YES;
				CLANG_WARN_BOOL_CONVERSION = YES;
				CLANG_WARN_COMMA = YES;
				CLANG_WARN_CONSTANT_CONVERSION = YES;
				CLANG_WARN_DEPRECATED_OBJC_IMPLEMENTATIONS = YES;
				CLANG_WARN_DIRECT_OBJC_ISA_USAGE = YES_ERROR;
				CLANG_WARN_DOCUMENTATION_COMMENTS = YES;
				CLANG_WARN_EMPTY_BODY = YES;
				CLANG_WARN_ENUM_CONVERSION = YES;
				CLANG_WARN_INFINITE_RECURSION = YES;
				CLANG_WARN_INT_CONVERSION = YES;
				CLANG_WARN_NON_LITERAL_NULL_CONVERSION = YES;
				CLANG_WARN_OBJC_IMPLICIT_RETAIN_SELF = YES;
				CLANG_WARN_OBJC_LITERAL_CONVERSION = YES;
				CLANG_WARN_OBJC_ROOT_CLASS = YES_ERROR;
				CLANG_WARN_QUOTED_INCLUDE_IN_FRAMEWORK_HEADER = YES;
				CLANG_WARN_RANGE_LOOP_ANALYSIS = YES;
				CLANG_WARN_STRICT_PROTOTYPES = YES;
				CLANG_WARN_SUSPICIOUS_MOVE = YES;
				CLANG_WARN_UNGUARDED_AVAILABILITY = YES_AGGRESSIVE;
				CLANG_WARN_UNREACHABLE_CODE = YES;
				CLANG_WARN__DUPLICATE_METHOD_MATCH = YES;
				COPY_PHASE_STRIP = NO;
				CURRENT_PROJECT_VERSION = 1;
				DEBUG_INFORMATION_FORMAT = dwarf;
				ENABLE_STRICT_OBJC_MSGSEND = YES;
				ENABLE_TESTABILITY = YES;
				GCC_C_LANGUAGE_STANDARD = gnu11;
				GCC_DYNAMIC_NO_PIC = NO;
				GCC_NO_COMMON_BLOCKS = YES;
				GCC_OPTIMIZATION_LEVEL = 0;
				GCC_PREPROCESSOR_DEFINITIONS = (
					"DEBUG=1",
					"$(inherited)",
				);
				GCC_WARN_64_TO_32_BIT_CONVERSION = YES;
				GCC_WARN_ABOUT_RETURN_TYPE = YES_ERROR;
				GCC_WARN_UNDECLARED_SELECTOR = YES;
				GCC_WARN_UNINITIALIZED_AUTOS = YES_AGGRESSIVE;
				GCC_WARN_UNUSED_FUNCTION = YES;
				GCC_WARN_UNUSED_VARIABLE = YES;
				GENERATE_INFOPLIST_FILE = YES;
				IPHONEOS_DEPLOYMENT_TARGET = 18.0;
				MARKETING_VERSION = 0.1.0;
				MTL_ENABLE_DEBUG_INFO = INCLUDE_SOURCE;
				MTL_FAST_MATH = YES;
				ONLY_ACTIVE_ARCH = YES;
				PRODUCT_BUNDLE_IDENTIFIER = com.stiehl122.elroys.manager.project;
				PRODUCT_NAME = ElRoysManagerApp;
				SUPPORTED_PLATFORMS = "iphoneos iphonesimulator";
				SWIFT_ACTIVE_COMPILATION_CONDITIONS = DEBUG;
				SWIFT_OPTIMIZATION_LEVEL = "-Onone";
				SWIFT_VERSION = 5.0;
				TARGETED_DEVICE_FAMILY = "1,2";
			};
			name = Debug;
		};
		000000000000000000000006 /* Release */ = {
			isa = XCBuildConfiguration;
			buildSettings = {
				ALWAYS_SEARCH_USER_PATHS = NO;
				CLANG_ANALYZER_NONNULL = YES;
				CLANG_ANALYZER_NUMBER_OBJECT_CONVERSION = YES_AGGRESSIVE;
				CLANG_CXX_LANGUAGE_STANDARD = "gnu++14";
				CLANG_CXX_LIBRARY = "libc++";
				CLANG_ENABLE_MODULES = YES;
				CLANG_ENABLE_OBJC_ARC = YES;
				CLANG_ENABLE_OBJC_WEAK = YES;
				CLANG_WARN_BLOCK_CAPTURE_AUTORELEASING = YES;
				CLANG_WARN_BOOL_CONVERSION = YES;
				CLANG_WARN_COMMA = YES;
				CLANG_WARN_CONSTANT_CONVERSION = YES;
				CLANG_WARN_DEPRECATED_OBJC_IMPLEMENTATIONS = YES;
				CLANG_WARN_DIRECT_OBJC_ISA_USAGE = YES_ERROR;
				CLANG_WARN_DOCUMENTATION_COMMENTS = YES;
				CLANG_WARN_EMPTY_BODY = YES;
				CLANG_WARN_ENUM_CONVERSION = YES;
				CLANG_WARN_INFINITE_RECURSION = YES;
				CLANG_WARN_INT_CONVERSION = YES;
				CLANG_WARN_NON_LITERAL_NULL_CONVERSION = YES;
				CLANG_WARN_OBJC_IMPLICIT_RETAIN_SELF = YES;
				CLANG_WARN_OBJC_LITERAL_CONVERSION = YES;
				CLANG_WARN_OBJC_ROOT_CLASS = YES_ERROR;
				CLANG_WARN_QUOTED_INCLUDE_IN_FRAMEWORK_HEADER = YES;
				CLANG_WARN_RANGE_LOOP_ANALYSIS = YES;
				CLANG_WARN_STRICT_PROTOTYPES = YES;
				CLANG_WARN_SUSPICIOUS_MOVE = YES;
				CLANG_WARN_UNGUARDED_AVAILABILITY = YES_AGGRESSIVE;
				CLANG_WARN_UNREACHABLE_CODE = YES;
				CLANG_WARN__DUPLICATE_METHOD_MATCH = YES;
				COPY_PHASE_STRIP = NO;
				CURRENT_PROJECT_VERSION = 1;
				DEBUG_INFORMATION_FORMAT = "dwarf-with-dsym";
				ENABLE_NS_ASSERTIONS = NO;
				ENABLE_STRICT_OBJC_MSGSEND = YES;
				GCC_C_LANGUAGE_STANDARD = gnu11;
				GCC_NO_COMMON_BLOCKS = YES;
				GCC_WARN_64_TO_32_BIT_CONVERSION = YES;
				GCC_WARN_ABOUT_RETURN_TYPE = YES_ERROR;
				GCC_WARN_UNDECLARED_SELECTOR = YES;
				GCC_WARN_UNINITIALIZED_AUTOS = YES_AGGRESSIVE;
				GCC_WARN_UNUSED_FUNCTION = YES;
				GCC_WARN_UNUSED_VARIABLE = YES;
				GENERATE_INFOPLIST_FILE = YES;
				IPHONEOS_DEPLOYMENT_TARGET = 18.0;
				MARKETING_VERSION = 0.1.0;
				MTL_ENABLE_DEBUG_INFO = NO;
				MTL_FAST_MATH = YES;
				PRODUCT_BUNDLE_IDENTIFIER = com.stiehl122.elroys.manager.project;
				PRODUCT_NAME = ElRoysManagerApp;
				SUPPORTED_PLATFORMS = "iphoneos iphonesimulator";
				SWIFT_COMPILATION_MODE = wholemodule;
				SWIFT_OPTIMIZATION_LEVEL = "-O";
				SWIFT_VERSION = 5.0;
				TARGETED_DEVICE_FAMILY = "1,2";
			};
			name = Release;
		};
		00000000000000000000000D /* Release */ = {
			isa = XCBuildConfiguration;
			buildSettings = {
				APPBaseURL = "https://el-roys-drink-menu.vercel.app";
				APPEnvironmentName = Production;
				APPPublicOrigin = "https://el-roys-drink-menu.vercel.app";
				ASSETCATALOG_COMPILER_APPICON_NAME = AppIcon;
				ASSETCATALOG_COMPILER_GLOBAL_ACCENT_COLOR_NAME = AccentColor;
				CLANG_ENABLE_OBJC_WEAK = NO;
				CODE_SIGN_STYLE = Automatic;
				CURRENT_PROJECT_VERSION = 1;
				DEVELOPMENT_TEAM = FCM3AK447F;
				GENERATE_INFOPLIST_FILE = NO;
				INFOPLIST_FILE = ElRoysManagerApp/Info.plist;
				INFOPLIST_KEY_APPBaseURL = "https://el-roys-drink-menu.vercel.app";
				INFOPLIST_KEY_APPEnvironmentName = Production;
				INFOPLIST_KEY_APPPublicOrigin = "https://el-roys-drink-menu.vercel.app";
				INFOPLIST_KEY_CFBundleDisplayName = "El Roy's Manager";
				INFOPLIST_KEY_ITSAppUsesNonExemptEncryption = NO;
				INFOPLIST_KEY_NSCameraUsageDescription = "Scan drink and food item barcodes to prefill add-item fields.";
				INFOPLIST_KEY_NSFaceIDUsageDescription = "Unlock the saved staff session before restoring manager access.";
				INFOPLIST_KEY_UIApplicationSceneManifest_Generation = YES;
				INFOPLIST_KEY_UIApplicationSupportsIndirectInputEvents = YES;
				INFOPLIST_KEY_UILaunchScreen_Generation = YES;
				INFOPLIST_KEY_UISupportedInterfaceOrientations = "UIInterfaceOrientationPortrait UIInterfaceOrientationPortraitUpsideDown UIInterfaceOrientationLandscapeLeft UIInterfaceOrientationLandscapeRight";
				INFOPLIST_KEY_UISupportedInterfaceOrientations_iPad = "UIInterfaceOrientationPortrait UIInterfaceOrientationPortraitUpsideDown UIInterfaceOrientationLandscapeLeft UIInterfaceOrientationLandscapeRight";
				IPHONEOS_DEPLOYMENT_TARGET = 18.0;
				LD_RUNPATH_SEARCH_PATHS = "$(inherited) @executable_path/Frameworks";
				MARKETING_VERSION = 0.1.0;
				PRODUCT_BUNDLE_IDENTIFIER = com.stiehl122.elroys.manager;
				PRODUCT_NAME = ElRoysManagerApp;
				SUPPORTED_PLATFORMS = "iphoneos iphonesimulator";
				SWIFT_VERSION = 5.0;
				TARGETED_DEVICE_FAMILY = "1,2";
				VALIDATE_PRODUCT = YES;
			};
			name = Release;
		};
		00000000000000000000000E /* Debug */ = {
			isa = XCBuildConfiguration;
			buildSettings = {
				APPBaseURL = "https://el-roys-drink-menu.vercel.app";
				APPEnvironmentName = Preview;
				APPPublicOrigin = "https://el-roys-drink-menu.vercel.app";
				ASSETCATALOG_COMPILER_APPICON_NAME = AppIcon;
				ASSETCATALOG_COMPILER_GLOBAL_ACCENT_COLOR_NAME = AccentColor;
				CLANG_ENABLE_OBJC_WEAK = NO;
				CODE_SIGN_STYLE = Automatic;
				CURRENT_PROJECT_VERSION = 1;
				DEVELOPMENT_TEAM = FCM3AK447F;
				GENERATE_INFOPLIST_FILE = NO;
				INFOPLIST_FILE = ElRoysManagerApp/Info.plist;
				INFOPLIST_KEY_APPBaseURL = "https://el-roys-drink-menu.vercel.app";
				INFOPLIST_KEY_APPEnvironmentName = Preview;
				INFOPLIST_KEY_APPPublicOrigin = "https://el-roys-drink-menu.vercel.app";
				INFOPLIST_KEY_CFBundleDisplayName = "El Roy's Manager";
				INFOPLIST_KEY_ITSAppUsesNonExemptEncryption = NO;
				INFOPLIST_KEY_NSCameraUsageDescription = "Scan drink and food item barcodes to prefill add-item fields.";
				INFOPLIST_KEY_NSFaceIDUsageDescription = "Unlock the saved staff session before restoring manager access.";
				INFOPLIST_KEY_UIApplicationSceneManifest_Generation = YES;
				INFOPLIST_KEY_UIApplicationSupportsIndirectInputEvents = YES;
				INFOPLIST_KEY_UILaunchScreen_Generation = YES;
				INFOPLIST_KEY_UISupportedInterfaceOrientations = "UIInterfaceOrientationPortrait UIInterfaceOrientationPortraitUpsideDown UIInterfaceOrientationLandscapeLeft UIInterfaceOrientationLandscapeRight";
				INFOPLIST_KEY_UISupportedInterfaceOrientations_iPad = "UIInterfaceOrientationPortrait UIInterfaceOrientationPortraitUpsideDown UIInterfaceOrientationLandscapeLeft UIInterfaceOrientationLandscapeRight";
				IPHONEOS_DEPLOYMENT_TARGET = 18.0;
				LD_RUNPATH_SEARCH_PATHS = "$(inherited) @executable_path/Frameworks";
				MARKETING_VERSION = 0.1.0;
				PRODUCT_BUNDLE_IDENTIFIER = com.stiehl122.elroys.manager;
				PRODUCT_NAME = ElRoysManagerApp;
				SUPPORTED_PLATFORMS = "iphoneos iphonesimulator";
				SWIFT_VERSION = 5.0;
				TARGETED_DEVICE_FAMILY = "1,2";
			};
			name = Debug;
		};
		000000000000000000000018 /* Release */ = {
			isa = XCBuildConfiguration;
			buildSettings = {
				BUNDLE_LOADER = "$(TEST_HOST)";
				CLANG_ENABLE_OBJC_WEAK = NO;
				CURRENT_PROJECT_VERSION = 1;
				GENERATE_INFOPLIST_FILE = YES;
				IPHONEOS_DEPLOYMENT_TARGET = 18.0;
				MARKETING_VERSION = 0.1.0;
				PRODUCT_BUNDLE_IDENTIFIER = com.stiehl122.elroys.manager.tests;
				PRODUCT_NAME = ElRoysManagerAppTests;
				SUPPORTED_PLATFORMS = "iphoneos iphonesimulator";
				SWIFT_VERSION = 5.0;
				TARGETED_DEVICE_FAMILY = "1,2";
				TEST_HOST = "$(BUILT_PRODUCTS_DIR)/ElRoysManagerApp.app/ElRoysManagerApp";
				VALIDATE_PRODUCT = YES;
			};
			name = Release;
		};
		000000000000000000000019 /* Debug */ = {
			isa = XCBuildConfiguration;
			buildSettings = {
				BUNDLE_LOADER = "$(TEST_HOST)";
				CLANG_ENABLE_OBJC_WEAK = NO;
				CURRENT_PROJECT_VERSION = 1;
				GENERATE_INFOPLIST_FILE = YES;
				IPHONEOS_DEPLOYMENT_TARGET = 18.0;
				MARKETING_VERSION = 0.1.0;
				PRODUCT_BUNDLE_IDENTIFIER = com.stiehl122.elroys.manager.tests;
				PRODUCT_NAME = ElRoysManagerAppTests;
				SUPPORTED_PLATFORMS = "iphoneos iphonesimulator";
				SWIFT_VERSION = 5.0;
				TARGETED_DEVICE_FAMILY = "1,2";
				TEST_HOST = "$(BUILT_PRODUCTS_DIR)/ElRoysManagerApp.app/ElRoysManagerApp";
			};
			name = Debug;
		};
		000000000000000000000021 /* Release */ = {
			isa = XCBuildConfiguration;
			buildSettings = {
				CLANG_ENABLE_OBJC_WEAK = NO;
				CURRENT_PROJECT_VERSION = 1;
				GENERATE_INFOPLIST_FILE = YES;
				IPHONEOS_DEPLOYMENT_TARGET = 18.0;
				MARKETING_VERSION = 0.1.0;
				PRODUCT_BUNDLE_IDENTIFIER = com.stiehl122.elroys.manager.uitests;
				PRODUCT_NAME = ElRoysManagerAppUITests;
				SUPPORTED_PLATFORMS = "iphoneos iphonesimulator";
				SWIFT_VERSION = 5.0;
				TARGETED_DEVICE_FAMILY = "1,2";
				TEST_TARGET_NAME = ElRoysManagerApp;
				VALIDATE_PRODUCT = YES;
			};
			name = Release;
		};
		000000000000000000000022 /* Debug */ = {
			isa = XCBuildConfiguration;
			buildSettings = {
				CLANG_ENABLE_OBJC_WEAK = NO;
				CURRENT_PROJECT_VERSION = 1;
				GENERATE_INFOPLIST_FILE = YES;
				IPHONEOS_DEPLOYMENT_TARGET = 18.0;
				MARKETING_VERSION = 0.1.0;
				PRODUCT_BUNDLE_IDENTIFIER = com.stiehl122.elroys.manager.uitests;
				PRODUCT_NAME = ElRoysManagerAppUITests;
				SUPPORTED_PLATFORMS = "iphoneos iphonesimulator";
				SWIFT_VERSION = 5.0;
				TARGETED_DEVICE_FAMILY = "1,2";
				TEST_TARGET_NAME = ElRoysManagerApp;
			};
			name = Debug;
		};
/* End XCBuildConfiguration section */

/* Begin XCConfigurationList section */
		000000000000000000000004 /* Build configuration list for PBXProject "ElRoysManagerApp" */ = {
			isa = XCConfigurationList;
			buildConfigurations = (
				000000000000000000000005 /* Debug */,
				000000000000000000000006 /* Release */,
			);
			defaultConfigurationIsVisible = 0;
			defaultConfigurationName = Release;
		};
		00000000000000000000000C /* Build configuration list for PBXNativeTarget "ElRoysManagerApp" */ = {
			isa = XCConfigurationList;
			buildConfigurations = (
				00000000000000000000000D /* Release */,
				00000000000000000000000E /* Debug */,
			);
			defaultConfigurationIsVisible = 0;
			defaultConfigurationName = Release;
		};
		000000000000000000000017 /* Build configuration list for PBXNativeTarget "ElRoysManagerAppTests" */ = {
			isa = XCConfigurationList;
			buildConfigurations = (
				000000000000000000000018 /* Release */,
				000000000000000000000019 /* Debug */,
			);
			defaultConfigurationIsVisible = 0;
			defaultConfigurationName = Release;
		};
		000000000000000000000020 /* Build configuration list for PBXNativeTarget "ElRoysManagerAppUITests" */ = {
			isa = XCConfigurationList;
			buildConfigurations = (
				000000000000000000000021 /* Release */,
				000000000000000000000022 /* Debug */,
			);
			defaultConfigurationIsVisible = 0;
			defaultConfigurationName = Release;
		};
/* End XCConfigurationList section */
	};
	rootObject = 000000000000000000000001 /* Project object */;
}
